github.com/jrarkaan/go-say-hello v1.0.0 h1:l1IKEy9Hcfwbi9/hEOmeY/u2/Fi7pgB59HD8zXdTkr4=
github.com/jrarkaan/go-say-hello v1.0.0/go.mod h1:i1/bOXJQ4N6EDA+v0mIvrFwl8jaeydIzvB96SX0yG58=
github.com/jrarkaan/go-say-hello v1.5.0 h1:BZAcJk2Ce1Ais4w4GrE3JjAsUzOTFbFn/W527JMYgMk=
github.com/jrarkaan/go-say-hello v1.5.0/go.mod h1:i1/bOXJQ4N6EDA+v0mIvrFwl8jaeydIzvB96SX0yG58=
github.com/jrarkaan/go-say-hello/v2 v2.0.0 h1:bvli4XXpIrMyTy5IQISkq547sN0tPSZzjyJoIMzy0IQ=
github.com/jrarkaan/go-say-hello/v2 v2.0.0/go.mod h1:wvI+okWUp7bj3PbKxOmQoO8BH5GXg+t/+/Xd75kr55Y=
